// !$*UTF8*$!
{
	archiveVersion = 1;
	classes = {
	};
	objectVersion = 46;
	objects = {

/* Begin PBXBuildFile section */
		12AEEE011DFFEE490016D197 /* AppDelegate.swift in Sources */ = {isa = PBXBuildFile; fileRef = 12AEEE001DFFEE490016D197 /* AppDelegate.swift */; };
		12AEEE031DFFEE490016D197 /* WeatherVC.swift in Sources */ = {isa = PBXBuildFile; fileRef = 12AEEE021DFFEE490016D197 /* WeatherVC.swift */; };
		12AEEE061DFFEE490016D197 /* Main.storyboard in Resources */ = {isa = PBXBuildFile; fileRef = 12AEEE041DFFEE490016D197 /* Main.storyboard */; };
		12AEEE091DFFEE490016D197 /* RainyShinyCloudy.xcdatamodeld in Sources */ = {isa = PBXBuildFile; fileRef = 12AEEE071DFFEE490016D197 /* RainyShinyCloudy.xcdatamodeld */; };
		12AEEE0B1DFFEE490016D197 /* Assets.xcassets in Resources */ = {isa = PBXBuildFile; fileRef = 12AEEE0A1DFFEE490016D197 /* Assets.xcassets */; };
		12AEEE0E1DFFEE490016D197 /* LaunchScreen.storyboard in Resources */ = {isa = PBXBuildFile; fileRef = 12AEEE0C1DFFEE490016D197 /* LaunchScreen.storyboard */; };
		3D6A324B7F024AAED1C00B1A /* Pods_RainyShinyCloudy.framework in Frameworks */ = {isa = PBXBuildFile; fileRef = 14513F2B9B67AB861A98A57C /* Pods_RainyShinyCloudy.framework */; };
/* End PBXBuildFile section */

/* Begin PBXFileReference section */
		12AEEDFD1DFFEE480016D197 /* RainyShinyCloudy.app */ = {isa = PBXFileReference; explicitFileType = wrapper.application; includeInIndex = 0; path = RainyShinyCloudy.app; sourceTree = BUILT_PRODUCTS_DIR; };
		12AEEE001DFFEE490016D197 /* AppDelegate.swift */ = {isa = PBXFileReference; lastKnownFileType = sourcecode.swift; path = AppDelegate.swift; sourceTree = "<group>"; };
		12AEEE021DFFEE490016D197 /* WeatherVC.swift */ = {isa = PBXFileReference; lastKnownFileType = sourcecode.swift; path = WeatherVC.swift; sourceTree = "<group>"; };
		12AEEE051DFFEE490016D197 /* Base */ = {isa = PBXFileReference; lastKnownFileType = file.storyboard; name = Base; path = Base.lproj/Main.storyboard; sourceTree = "<group>"; };
		12AEEE081DFFEE490016D197 /* RainyShinyCloudy.xcdatamodel */ = {isa = PBXFileReference; lastKnownFileType = wrapper.xcdatamodel; path = RainyShinyCloudy.xcdatamodel; sourceTree = "<group>"; };
		12AEEE0A1DFFEE490016D197 /* Assets.xcassets */ = {isa = PBXFileReference; lastKnownFileType = folder.assetcatalog; path = Assets.xcassets; sourceTree = "<group>"; };
		12AEEE0D1DFFEE490016D197 /* Base */ = {isa = PBXFileReference; lastKnownFileType = file.storyboard; name = Base; path = Base.lproj/LaunchScreen.storyboard; sourceTree = "<group>"; };
		12AEEE0F1DFFEE490016D197 /* Info.plist */ = {isa = PBXFileReference; lastKnownFileType = text.plist.xml; path = Info.plist; sourceTree = "<group>"; };
		14513F2B9B67AB861A98A57C /* Pods_RainyShinyCloudy.framework */ = {isa = PBXFileReference; explicitFileType = wrapper.framework; includeInIndex = 0; path = Pods_RainyShinyCloudy.framework; sourceTree = BUILT_PRODUCTS_DIR; };
		5C411D7610E335A4B8A48088 /* Pods-RainyShinyCloudy.release.xcconfig */ = {isa = PBXFileReference; includeInIndex = 1; lastKnownFileType = text.xcconfig; name = "Pods-RainyShinyCloudy.release.xcconfig"; path = "Pods/Target Support Files/Pods-RainyShinyCloudy/Pods-RainyShinyCloudy.release.xcconfig"; sourceTree = "<group>"; };
		E52D13D57A257E8F19D97758 /* Pods-RainyShinyCloudy.debug.xcconfig */ = {isa = PBXFileReference; includeInIndex = 1; lastKnownFileType = text.xcconfig; name = "Pods-RainyShinyCloudy.debug.xcconfig"; path = "Pods/Target Support Files/Pods-RainyShinyCloudy/Pods-RainyShinyCloudy.debug.xcconfig"; sourceTree = "<group>"; };
/* End PBXFileReference section */

/* Begin PBXFrameworksBuildPhase section */
		12AEEDFA1DFFEE480016D197 /* Frameworks */ = {
			isa = PBXFrameworksBuildPhase;
			buildActionMask = 2147483647;
			files = (
				3D6A324B7F024AAED1C00B1A /* Pods_RainyShinyCloudy.framework in Frameworks */,
			);
			runOnlyForDeploymentPostprocessing = 0;
		};
/* End PBXFrameworksBuildPhase section */

/* Begin PBXGroup section */
		12AEEDF41DFFEE480016D197 = {
			isa = PBXGroup;
			children = (
				12AEEDFF1DFFEE480016D197 /* RainyShinyCloudy */,
				12AEEDFE1DFFEE480016D197 /* Products */,
				CDAD0CEC88F7618563221492 /* Pods */,
				FEC46837BF704C18C837CBD2 /* Frameworks */,
			);
			sourceTree = "<group>";
		};
		12AEEDFE1DFFEE480016D197 /* Products */ = {
			isa = PBXGroup;
			children = (
				12AEEDFD1DFFEE480016D197 /* RainyShinyCloudy.app */,
			);
			name = Products;
			sourceTree = "<group>";
		};
		12AEEDFF1DFFEE480016D197 /* RainyShinyCloudy */ = {
			isa = PBXGroup;
			children = (
				12AEEE001DFFEE490016D197 /* AppDelegate.swift */,
				12AEEE021DFFEE490016D197 /* WeatherVC.swift */,
				12AEEE041DFFEE490016D197 /* Main.storyboard */,
				12AEEE0A1DFFEE490016D197 /* Assets.xcassets */,
				12AEEE0C1DFFEE490016D197 /* LaunchScreen.storyboard */,
				12AEEE0F1DFFEE490016D197 /* Info.plist */,
				12AEEE071DFFEE490016D197 /* RainyShinyCloudy.xcdatamodeld */,
			);
			path = RainyShinyCloudy;
			sourceTree = "<group>";
		};
		CDAD0CEC88F7618563221492 /* Pods */ = {
			isa = PBXGroup;
			children = (
				E52D13D57A257E8F19D97758 /* Pods-RainyShinyCloudy.debug.xcconfig */,
				5C411D7610E335A4B8A48088 /* Pods-RainyShinyCloudy.release.xcconfig */,
			);
			name = Pods;
			sourceTree = "<group>";
		};
		FEC46837BF704C18C837CBD2 /* Frameworks */ = {
			isa = PBXGroup;
			children = (
				14513F2B9B67AB861A98A57C /* Pods_RainyShinyCloudy.framework */,
			);
			name = Frameworks;
			sourceTree = "<group>";
		};
/* End PBXGroup section */

/* Begin PBXNativeTarget section */
		12AEEDFC1DFFEE480016D197 /* RainyShinyCloudy */ = {
			isa = PBXNativeTarget;
			buildConfigurationList = 12AEEE121DFFEE490016D197 /* Build configuration list for PBXNativeTarget "RainyShinyCloudy" */;
			buildPhases = (
				2B1D7C083A14EABC5970CCE6 /* [CP] Check Pods Manifest.lock */,
				12AEEDF91DFFEE480016D197 /* Sources */,
				12AEEDFA1DFFEE480016D197 /* Frameworks */,
				12AEEDFB1DFFEE480016D197 /* Resources */,
				C63D6F71F14600467B2E54C5 /* [CP] Embed Pods Frameworks */,
				2E2FEE53532D3FA0B9A97F5C /* [CP] Copy Pods Resources */,
			);
			buildRules = (
			);
			dependencies = (
			);
			name = RainyShinyCloudy;
			productName = RainyShinyCloudy;
			productReference = 12AEEDFD1DFFEE480016D197 /* RainyShinyCloudy.app */;
			productType = "com.apple.product-type.application";
		};
/* End PBXNativeTarget section */

/* Begin PBXProject section */
		12AEEDF51DFFEE480016D197 /* Project object */ = {
			isa = PBXProject;
			attributes = {
				LastSwiftUpdateCheck = 0800;
				LastUpgradeCheck = 0800;
				ORGANIZATIONNAME = "Ba Anh Nguyen";
				TargetAttributes = {
					12AEEDFC1DFFEE480016D197 = {
						CreatedOnToolsVersion = 8.0;
						ProvisioningStyle = Automatic;
					};
				};
			};
			buildConfigurationList = 12AEEDF81DFFEE480016D197 /* Build configuration list for PBXProject "RainyShinyCloudy" */;
			compatibilityVersion = "Xcode 3.2";
			developmentRegion = English;
			hasScannedForEncodings = 0;
			knownRegions = (
				en,
				Base,
			);
			mainGroup = 12AEEDF41DFFEE480016D197;
			productRefGroup = 12AEEDFE1DFFEE480016D197 /* Products */;
			projectDirPath = "";
			projectRoot = "";
			targets = (
				12AEEDFC1DFFEE480016D197 /* RainyShinyCloudy */,
			);
		};
/* End PBXProject section */

/* Begin PBXResourcesBuildPhase section */
		12AEEDFB1DFFEE480016D197 /* Resources */ = {
			isa = PBXResourcesBuildPhase;
			buildActionMask = 2147483647;
			files = (
				12AEEE0E1DFFEE490016D197 /* LaunchScreen.storyboard in Resources */,
				12AEEE0B1DFFEE490016D197 /* Assets.xcassets in Resources */,
				12AEEE061DFFEE490016D197 /* Main.storyboard in Resources */,
			);
			runOnlyForDeploymentPostprocessing = 0;
		};
/* End PBXResourcesBuildPhase section */

/* Begin PBXShellScriptBuildPhase section */
		2B1D7C083A14EABC5970CCE6 /* [CP] Check Pods Manifest.lock */ = {
			isa = PBXShellScriptBuildPhase;
			buildActionMask = 2147483647;
			files = (
			);
			inputPaths = (
			);
			name = "[CP] Check Pods Manifest.lock";
			outputPaths = (
			);
			runOnlyForDeploymentPostprocessing = 0;
			shellPath = /bin/sh;
			shellScript = "diff \"${PODS_ROOT}/../Podfile.lock\" \"${PODS_ROOT}/Manifest.lock\" > /dev/null\nif [ $? != 0 ] ; then\n    # print error to STDERR\n    echo \"error: The sandbox is not in sync with the Podfile.lock. Run 'pod install' or update your CocoaPods installation.\" >&2\n    exit 1\nfi\n";
			showEnvVarsInLog = 0;
		};
		2E2FEE53532D3FA0B9A97F5C /* [CP] Copy Pods Resources */ = {
			isa = PBXShellScriptBuildPhase;
			buildActionMask = 2147483647;
			files = (
			);
			inputPaths = (
			);
			name = "[CP] Copy Pods Resources";
			outputPaths = (
			);
			runOnlyForDeploymentPostprocessing = 0;
			shellPath = /bin/sh;
			shellScript = "\"${SRCROOT}/Pods/Target Support Files/Pods-RainyShinyCloudy/Pods-RainyShinyCloudy-resources.sh\"\n";
			showEnvVarsInLog = 0;
		};
		C63D6F71F14600467B2E54C5 /* [CP] Embed Pods Frameworks */ = {
			isa = PBXShellScriptBuildPhase;
			buildActionMask = 2147483647;
			files = (
			);
			inputPaths = (
			);
			name = "[CP] Embed Pods Frameworks";
			outputPaths = (
			);
			runOnlyForDeploymentPostprocessing = 0;
			shellPath = /bin/sh;
			shellScript = "\"${SRCROOT}/Pods/Target Support Files/Pods-RainyShinyCloudy/Pods-RainyShinyCloudy-frameworks.sh\"\n";
			showEnvVarsInLog = 0;
		};
/* End PBXShellScriptBuildPhase section */

/* Begin PBXSourcesBuildPhase section */
		12AEEDF91DFFEE480016D197 /* Sources */ = {
			isa = PBXSourcesBuildPhase;
			buildActionMask = 2147483647;
			files = (
				12AEEE091DFFEE490016D197 /* RainyShinyCloudy.xcdatamodeld in Sources */,
				12AEEE031DFFEE490016D197 /* WeatherVC.swift in Sources */,
				12AEEE011DFFEE490016D197 /* AppDelegate.swift in Sources */,
			);
			runOnlyForDeploymentPostprocessing = 0;
		};
/* End PBXSourcesBuildPhase section */

/* Begin PBXVariantGroup section */
		12AEEE041DFFEE490016D197 /* Main.storyboard */ = {
			isa = PBXVariantGroup;
			children = (
				12AEEE051DFFEE490016D197 /* Base */,
			);
			name = Main.storyboard;
			sourceTree = "<group>";
		};
		12AEEE0C1DFFEE490016D197 /* LaunchScreen.storyboard */ = {
			isa = PBXVariantGroup;
			children = (
				12AEEE0D1DFFEE490016D197 /* Base */,
			);
			name = LaunchScreen.storyboard;
			sourceTree = "<group>";
		};
/* End PBXVariantGroup section */

/* Begin XCBuildConfiguration section */
		12AEEE101DFFEE490016D197 /* Debug */ = {
			isa = XCBuildConfiguration;
			buildSettings = {
				ALWAYS_SEARCH_USER_PATHS = NO;
				CLANG_ANALYZER_NONNULL = YES;
				CLANG_CXX_LANGUAGE_STANDARD = "gnu++0x";
				CLANG_CXX_LIBRARY = "libc++";
				CLANG_ENABLE_MODULES = YES;
				CLANG_ENABLE_OBJC_ARC = YES;
				CLANG_WARN_BOOL_CONVERSION = YES;
				CLANG_WARN_CONSTANT_CONVERSION = YES;
				CLANG_WARN_DIRECT_OBJC_ISA_USAGE = YES_ERROR;
				CLANG_WARN_DOCUMENTATION_COMMENTS = YES;
				CLANG_WARN_EMPTY_BODY = YES;
				CLANG_WARN_ENUM_CONVERSION = YES;
				CLANG_WARN_INFINITE_RECURSION = YES;
				CLANG_WARN_INT_CONVERSION = YES;
				CLANG_WARN_OBJC_ROOT_CLASS = YES_ERROR;
				CLANG_WARN_SUSPICIOUS_MOVES = YES;
				CLANG_WARN_UNREACHABLE_CODE = YES;
				CLANG_WARN__DUPLICATE_METHOD_MATCH = YES;
				"CODE_SIGN_IDENTITY[sdk=iphoneos*]" = "iPhone Developer";
				COPY_PHASE_STRIP = NO;
				DEBUG_INFORMATION_FORMAT = dwarf;
				ENABLE_STRICT_OBJC_MSGSEND = YES;
				ENABLE_TESTABILITY = YES;
				GCC_C_LANGUAGE_STANDARD = gnu99;
				GCC_DYNAMIC_NO_PIC = NO;
				GCC_NO_COMMON_BLOCKS = YES;
				GCC_OPTIMIZATION_LEVEL = 0;
				GCC_PREPROCESSOR_DEFINITIONS = (
					"DEBUG=1",
					"$(inherited)",
				);
				GCC_WARN_64_TO_32_BIT_CONVERSION = YES;
				GCC_WARN_ABOUT_RETURN_TYPE = YES_ERROR;
				GCC_WARN_UNDECLARED_SELECTOR = YES;
				GCC_WARN_UNINITIALIZED_AUTOS = YES_AGGRESSIVE;
				GCC_WARN_UNUSED_FUNCTION = YES;
				GCC_WARN_UNUSED_VARIABLE = YES;
				IPHONEOS_DEPLOYMENT_TARGET = 10.0;
				MTL_ENABLE_DEBUG_INFO = YES;
				ONLY_ACTIVE_ARCH = YES;
				SDKROOT = iphoneos;
				SWIFT_ACTIVE_COMPILATION_CONDITIONS = DEBUG;
				SWIFT_OPTIMIZATION_LEVEL = "-Onone";
				TARGETED_DEVICE_FAMILY = "1,2";
			};
			name = Debug;
		};
		12AEEE111DFFEE490016D197 /* Release */ = {
			isa = XCBuildConfiguration;
			buildSettings = {
				ALWAYS_SEARCH_USER_PATHS = NO;
				CLANG_ANALYZER_NONNULL = YES;
				CLANG_CXX_LANGUAGE_STANDARD = "gnu++0x";
				CLANG_CXX_LIBRARY = "libc++";
				CLANG_ENABLE_MODULES = YES;
				CLANG_ENABLE_OBJC_ARC = YES;
				CLANG_WARN_BOOL_CONVERSION = YES;
				CLANG_WARN_CONSTANT_CONVERSION = YES;
				CLANG_WARN_DIRECT_OBJC_ISA_USAGE = YES_ERROR;
				CLANG_WARN_DOCUMENTATION_COMMENTS = YES;
				CLANG_WARN_EMPTY_BODY = YES;
				CLANG_WARN_ENUM_CONVERSION = YES;
				CLANG_WARN_INFINITE_RECURSION = YES;
				CLANG_WARN_INT_CONVERSION = YES;
				CLANG_WARN_OBJC_ROOT_CLASS = YES_ERROR;
				CLANG_WARN_SUSPICIOUS_MOVES = YES;
				CLANG_WARN_UNREACHABLE_CODE = YES;
				CLANG_WARN__DUPLICATE_METHOD_MATCH = YES;
				"CODE_SIGN_IDENTITY[sdk=iphoneos*]" = "iPhone Developer";
				COPY_PHASE_STRIP = NO;
				DEBUG_INFORMATION_FORMAT = "dwarf-with-dsym";
				ENABLE_NS_ASSERTIONS = NO;
				ENABLE_STRICT_OBJC_MSGSEND = YES;
				GCC_C_LANGUAGE_STANDARD = gnu99;
				GCC_NO_COMMON_BLOCKS = YES;
				GCC_WARN_64_TO_32_BIT_CONVERSION = YES;
				GCC_WARN_ABOUT_RETURN_TYPE = YES_ERROR;
				GCC_WARN_UNDECLARED_SELECTOR = YES;
				GCC_WARN_UNINITIALIZED_AUTOS = YES_AGGRESSIVE;
				GCC_WARN_UNUSED_FUNCTION = YES;
				GCC_WARN_UNUSED_VARIABLE = YES;
				IPHONEOS_DEPLOYMENT_TARGET = 10.0;
				MTL_ENABLE_DEBUG_INFO = NO;
				SDKROOT = iphoneos;
				SWIFT_OPTIMIZATION_LEVEL = "-Owholemodule";
				TARGETED_DEVICE_FAMILY = "1,2";
				VALIDATE_PRODUCT = YES;
			};
			name = Release;
		};
		12AEEE131DFFEE490016D197 /* Debug */ = {
			isa = XCBuildConfiguration;
			baseConfigurationReference = E52D13D57A257E8F19D97758 /* Pods-RainyShinyCloudy.debug.xcconfig */;
			buildSettings = {
				ASSETCATALOG_COMPILER_APPICON_NAME = AppIcon;
				INFOPLIST_FILE = RainyShinyCloudy/Info.plist;
				LD_RUNPATH_SEARCH_PATHS = "$(inherited) @executable_path/Frameworks";
				PRODUCT_BUNDLE_IDENTIFIER = ngbaanh.RainyShinyCloudy;
				PRODUCT_NAME = "$(TARGET_NAME)";
				SWIFT_VERSION = 3.0;
			};
			name = Debug;
		};
		12AEEE141DFFEE490016D197 /* Release */ = {
			isa = XCBuildConfiguration;
			baseConfigurationReference = 5C411D7610E335A4B8A48088 /* Pods-RainyShinyCloudy.release.xcconfig */;
			buildSettings = {
				ASSETCATALOG_COMPILER_APPICON_NAME = AppIcon;
				INFOPLIST_FILE = RainyShinyCloudy/Info.plist;
				LD_RUNPATH_SEARCH_PATHS = "$(inherited) @executable_path/Frameworks";
				PRODUCT_BUNDLE_IDENTIFIER = ngbaanh.RainyShinyCloudy;
				PRODUCT_NAME = "$(TARGET_NAME)";
				SWIFT_VERSION = 3.0;
			};
			name = Release;
		};
/* End XCBuildConfiguration section */

/* Begin XCConfigurationList section */
		12AEEDF81DFFEE480016D197 /* Build configuration list for PBXProject "RainyShinyCloudy" */ = {
			isa = XCConfigurationList;
			buildConfigurations = (
				12AEEE101DFFEE490016D197 /* Debug */,
				12AEEE111DFFEE490016D197 /* Release */,
			);
			defaultConfigurationIsVisible = 0;
			defaultConfigurationName = Release;
		};
		12AEEE121DFFEE490016D197 /* Build configuration list for PBXNativeTarget "RainyShinyCloudy" */ = {
			isa = XCConfigurationList;
			buildConfigurations = (
				12AEEE131DFFEE490016D197 /* Debug */,
				12AEEE141DFFEE490016D197 /* Release */,
			);
			defaultConfigurationIsVisible = 0;
			defaultConfigurationName = Release;
		};
/* End XCConfigurationList section */

/* Begin XCVersionGroup section */
		12AEEE071DFFEE490016D197 /* RainyShinyCloudy.xcdatamodeld */ = {
			isa = XCVersionGroup;
			children = (
				12AEEE081DFFEE490016D197 /* RainyShinyCloudy.xcdatamodel */,
			);
			currentVersion = 12AEEE081DFFEE490016D197 /* RainyShinyCloudy.xcdatamodel */;
			path = RainyShinyCloudy.xcdatamodeld;
			sourceTree = "<group>";
			versionGroupType = wrapper.xcdatamodel;
		};
/* End XCVersionGroup section */
	};
	rootObject = 12AEEDF51DFFEE480016D197 /* Project object */;
}
